
Microsoft Visual Studio Solution File, Format Version 12.00
# Visual Studio Version 17
VisualStudioVersion = 17.4.33205.214
MinimumVisualStudioVersion = 10.0.40219.1
Project("{FAE04EC0-301F-11D3-BF4B-00C04F79EFBC}") = "WebApplication2", "WebApplication2\WebApplication2.csproj", "{A65DAD85-630A-489B-92CF-3ED41C09B7EA}"
EndProject
Global
	GlobalSection(SolutionConfigurationPlatforms) = preSolution
		Debug|Any CPU = Debug|Any CPU
		Release|Any CPU = Release|Any CPU
	EndGlobalSection
	GlobalSection(ProjectConfigurationPlatforms) = postSolution
		{A65DAD85-630A-489B-92CF-3ED41C09B7EA}.Debug|Any CPU.ActiveCfg = Debug|Any CPU
		{A65DAD85-630A-489B-92CF-3ED41C09B7EA}.Debug|Any CPU.Build.0 = Debug|Any CPU
		{A65DAD85-630A-489B-92CF-3ED41C09B7EA}.Release|Any CPU.ActiveCfg = Release|Any CPU
		{A65DAD85-630A-489B-92CF-3ED41C09B7EA}.Release|Any CPU.Build.0 = Release|Any CPU
	EndGlobalSection
	GlobalSection(SolutionProperties) = preSolution
		HideSolutionNode = FALSE
	EndGlobalSection
	GlobalSection(ExtensibilityGlobals) = postSolution
		SolutionGuid = {F5B30F1E-60F8-4AB7-A28F-BB7E8339C838}
	EndGlobalSection
EndGlobal
